
Microsoft Visual Studio Solution File, Format Version 12.00
# Visual Studio 14
VisualStudioVersion = 14.0.25420.1
MinimumVisualStudioVersion = 10.0.40219.1
Project("{F184B08F-C81C-45F6-A57F-5ABD9991F28F}") = "YouthDatabase", "YouthDatabase\YouthDatabase.vbproj", "{4F5912D6-CF23-4C79-8B68-94B1994AE7E7}"
EndProject
Project("{F184B08F-C81C-45F6-A57F-5ABD9991F28F}") = "ntbjc", "ntbjc\ntbjc.vbproj", "{5EDF76F1-AC0A-4B4D-8EEE-A19AB4830014}"
EndProject
Global
	GlobalSection(SolutionConfigurationPlatforms) = preSolution
		Debug|Any CPU = Debug|Any CPU
		Release|Any CPU = Release|Any CPU
	EndGlobalSection
	GlobalSection(ProjectConfigurationPlatforms) = postSolution
		{4F5912D6-CF23-4C79-8B68-94B1994AE7E7}.Debug|Any CPU.ActiveCfg = Debug|Any CPU
		{4F5912D6-CF23-4C79-8B68-94B1994AE7E7}.Debug|Any CPU.Build.0 = Debug|Any CPU
		{4F5912D6-CF23-4C79-8B68-94B1994AE7E7}.Release|Any CPU.ActiveCfg = Release|Any CPU
		{4F5912D6-CF23-4C79-8B68-94B1994AE7E7}.Release|Any CPU.Build.0 = Release|Any CPU
		{5EDF76F1-AC0A-4B4D-8EEE-A19AB4830014}.Debug|Any CPU.ActiveCfg = Debug|Any CPU
		{5EDF76F1-AC0A-4B4D-8EEE-A19AB4830014}.Debug|Any CPU.Build.0 = Debug|Any CPU
		{5EDF76F1-AC0A-4B4D-8EEE-A19AB4830014}.Release|Any CPU.ActiveCfg = Release|Any CPU
		{5EDF76F1-AC0A-4B4D-8EEE-A19AB4830014}.Release|Any CPU.Build.0 = Release|Any CPU
	EndGlobalSection
	GlobalSection(SolutionProperties) = preSolution
		HideSolutionNode = FALSE
	EndGlobalSection
EndGlobal
